
Microsoft Visual Studio Solution File, Format Version 12.00
# Visual Studio Version 17
VisualStudioVersion = 17.10.35027.167
MinimumVisualStudioVersion = 10.0.40219.1
Project("{FAE04EC0-301F-11D3-BF4B-00C04F79EFBC}") = "Ejemplo1", "Ejemplo1\Ejemplo1.csproj", "{DFAC9994-BE45-4A00-B5CE-62EB12934467}"
EndProject
Global
	GlobalSection(SolutionConfigurationPlatforms) = preSolution
		Debug|Any CPU = Debug|Any CPU
		Release|Any CPU = Release|Any CPU
	EndGlobalSection
	GlobalSection(ProjectConfigurationPlatforms) = postSolution
		{DFAC9994-BE45-4A00-B5CE-62EB12934467}.Debug|Any CPU.ActiveCfg = Debug|Any CPU
		{DFAC9994-BE45-4A00-B5CE-62EB12934467}.Debug|Any CPU.Build.0 = Debug|Any CPU
		{DFAC9994-BE45-4A00-B5CE-62EB12934467}.Release|Any CPU.ActiveCfg = Release|Any CPU
		{DFAC9994-BE45-4A00-B5CE-62EB12934467}.Release|Any CPU.Build.0 = Release|Any CPU
	EndGlobalSection
	GlobalSection(SolutionProperties) = preSolution
		HideSolutionNode = FALSE
	EndGlobalSection
	GlobalSection(ExtensibilityGlobals) = postSolution
		SolutionGuid = {9D316C7B-7E7E-4B01-8F58-3E904B5F71BF}
	EndGlobalSection
EndGlobal
